// !$*UTF8*$!
{
	archiveVersion = 1;
	classes = {
	};
	objectVersion = 46;
	objects = {

/* Begin PBXAggregateTarget section */
		EB45791B1C3CC04300855D9C /* JCNetworkAggregate */ = {
			isa = PBXAggregateTarget;
			buildConfigurationList = EB45791E1C3CC04300855D9C /* Build configuration list for PBXAggregateTarget "JCNetworkAggregate" */;
			buildPhases = (
				EB45791F1C3CC06000855D9C /* ShellScript */,
			);
			dependencies = (
			);
			name = JCNetworkAggregate;
			productName = JCNetworkAggregate;
		};
/* End PBXAggregateTarget section */

/* Begin PBXBuildFile section */
		0DC6965A1D3FCFD200B8D065 /* JCRequest.h in Headers */ = {isa = PBXBuildFile; fileRef = 0DC696581D3FCFD200B8D065 /* JCRequest.h */; };
		0DC6965B1D3FCFD200B8D065 /* JCRequest.m in Sources */ = {isa = PBXBuildFile; fileRef = 0DC696591D3FCFD200B8D065 /* JCRequest.m */; };
		0DEBA4751D47CCD100F48834 /* AFNetworking.h in Headers */ = {isa = PBXBuildFile; fileRef = 0DEBA44F1D47CCD100F48834 /* AFNetworking.h */; };
		0DEBA4761D47CCD100F48834 /* AFHTTPSessionManager.h in Headers */ = {isa = PBXBuildFile; fileRef = 0DEBA4511D47CCD100F48834 /* AFHTTPSessionManager.h */; };
		0DEBA4771D47CCD100F48834 /* AFHTTPSessionManager.m in Sources */ = {isa = PBXBuildFile; fileRef = 0DEBA4521D47CCD100F48834 /* AFHTTPSessionManager.m */; };
		0DEBA4781D47CCD100F48834 /* AFURLSessionManager.h in Headers */ = {isa = PBXBuildFile; fileRef = 0DEBA4531D47CCD100F48834 /* AFURLSessionManager.h */; };
		0DEBA4791D47CCD100F48834 /* AFURLSessionManager.m in Sources */ = {isa = PBXBuildFile; fileRef = 0DEBA4541D47CCD100F48834 /* AFURLSessionManager.m */; };
		0DEBA47A1D47CCD100F48834 /* AFNetworkReachabilityManager.h in Headers */ = {isa = PBXBuildFile; fileRef = 0DEBA4561D47CCD100F48834 /* AFNetworkReachabilityManager.h */; };
		0DEBA47B1D47CCD100F48834 /* AFNetworkReachabilityManager.m in Sources */ = {isa = PBXBuildFile; fileRef = 0DEBA4571D47CCD100F48834 /* AFNetworkReachabilityManager.m */; };
		0DEBA47C1D47CCD100F48834 /* AFSecurityPolicy.h in Headers */ = {isa = PBXBuildFile; fileRef = 0DEBA4591D47CCD100F48834 /* AFSecurityPolicy.h */; };
		0DEBA47D1D47CCD100F48834 /* AFSecurityPolicy.m in Sources */ = {isa = PBXBuildFile; fileRef = 0DEBA45A1D47CCD100F48834 /* AFSecurityPolicy.m */; };
		0DEBA47E1D47CCD100F48834 /* AFURLRequestSerialization.h in Headers */ = {isa = PBXBuildFile; fileRef = 0DEBA45C1D47CCD100F48834 /* AFURLRequestSerialization.h */; };
		0DEBA47F1D47CCD100F48834 /* AFURLRequestSerialization.m in Sources */ = {isa = PBXBuildFile; fileRef = 0DEBA45D1D47CCD100F48834 /* AFURLRequestSerialization.m */; };
		0DEBA4801D47CCD100F48834 /* AFURLResponseSerialization.h in Headers */ = {isa = PBXBuildFile; fileRef = 0DEBA45E1D47CCD100F48834 /* AFURLResponseSerialization.h */; };
		0DEBA4811D47CCD100F48834 /* AFURLResponseSerialization.m in Sources */ = {isa = PBXBuildFile; fileRef = 0DEBA45F1D47CCD100F48834 /* AFURLResponseSerialization.m */; };
		0DEBA4821D47CCD100F48834 /* AFAutoPurgingImageCache.h in Headers */ = {isa = PBXBuildFile; fileRef = 0DEBA4611D47CCD100F48834 /* AFAutoPurgingImageCache.h */; };
		0DEBA4831D47CCD100F48834 /* AFAutoPurgingImageCache.m in Sources */ = {isa = PBXBuildFile; fileRef = 0DEBA4621D47CCD100F48834 /* AFAutoPurgingImageCache.m */; };
		0DEBA4841D47CCD100F48834 /* AFImageDownloader.h in Headers */ = {isa = PBXBuildFile; fileRef = 0DEBA4631D47CCD100F48834 /* AFImageDownloader.h */; };
		0DEBA4851D47CCD100F48834 /* AFImageDownloader.m in Sources */ = {isa = PBXBuildFile; fileRef = 0DEBA4641D47CCD100F48834 /* AFImageDownloader.m */; };
		0DEBA4861D47CCD100F48834 /* AFNetworkActivityIndicatorManager.h in Headers */ = {isa = PBXBuildFile; fileRef = 0DEBA4651D47CCD100F48834 /* AFNetworkActivityIndicatorManager.h */; };
		0DEBA4871D47CCD100F48834 /* AFNetworkActivityIndicatorManager.m in Sources */ = {isa = PBXBuildFile; fileRef = 0DEBA4661D47CCD100F48834 /* AFNetworkActivityIndicatorManager.m */; };
		0DEBA4881D47CCD100F48834 /* UIActivityIndicatorView+AFNetworking.h in Headers */ = {isa = PBXBuildFile; fileRef = 0DEBA4671D47CCD100F48834 /* UIActivityIndicatorView+AFNetworking.h */; };
		0DEBA4891D47CCD100F48834 /* UIActivityIndicatorView+AFNetworking.m in Sources */ = {isa = PBXBuildFile; fileRef = 0DEBA4681D47CCD100F48834 /* UIActivityIndicatorView+AFNetworking.m */; };
		0DEBA48A1D47CCD100F48834 /* UIButton+AFNetworking.h in Headers */ = {isa = PBXBuildFile; fileRef = 0DEBA4691D47CCD100F48834 /* UIButton+AFNetworking.h */; };
		0DEBA48B1D47CCD100F48834 /* UIButton+AFNetworking.m in Sources */ = {isa = PBXBuildFile; fileRef = 0DEBA46A1D47CCD100F48834 /* UIButton+AFNetworking.m */; };
		0DEBA48C1D47CCD100F48834 /* UIImage+AFNetworking.h in Headers */ = {isa = PBXBuildFile; fileRef = 0DEBA46B1D47CCD100F48834 /* UIImage+AFNetworking.h */; };
		0DEBA48D1D47CCD100F48834 /* UIImageView+AFNetworking.h in Headers */ = {isa = PBXBuildFile; fileRef = 0DEBA46C1D47CCD100F48834 /* UIImageView+AFNetworking.h */; };
		0DEBA48E1D47CCD100F48834 /* UIImageView+AFNetworking.m in Sources */ = {isa = PBXBuildFile; fileRef = 0DEBA46D1D47CCD100F48834 /* UIImageView+AFNetworking.m */; };
		0DEBA48F1D47CCD100F48834 /* UIKit+AFNetworking.h in Headers */ = {isa = PBXBuildFile; fileRef = 0DEBA46E1D47CCD100F48834 /* UIKit+AFNetworking.h */; };
		0DEBA4901D47CCD100F48834 /* UIProgressView+AFNetworking.h in Headers */ = {isa = PBXBuildFile; fileRef = 0DEBA46F1D47CCD100F48834 /* UIProgressView+AFNetworking.h */; };
		0DEBA4911D47CCD100F48834 /* UIProgressView+AFNetworking.m in Sources */ = {isa = PBXBuildFile; fileRef = 0DEBA4701D47CCD100F48834 /* UIProgressView+AFNetworking.m */; };
		0DEBA4921D47CCD100F48834 /* UIRefreshControl+AFNetworking.h in Headers */ = {isa = PBXBuildFile; fileRef = 0DEBA4711D47CCD100F48834 /* UIRefreshControl+AFNetworking.h */; };
		0DEBA4931D47CCD100F48834 /* UIRefreshControl+AFNetworking.m in Sources */ = {isa = PBXBuildFile; fileRef = 0DEBA4721D47CCD100F48834 /* UIRefreshControl+AFNetworking.m */; };
		0DEBA4941D47CCD100F48834 /* UIWebView+AFNetworking.h in Headers */ = {isa = PBXBuildFile; fileRef = 0DEBA4731D47CCD100F48834 /* UIWebView+AFNetworking.h */; };
		0DEBA4951D47CCD100F48834 /* UIWebView+AFNetworking.m in Sources */ = {isa = PBXBuildFile; fileRef = 0DEBA4741D47CCD100F48834 /* UIWebView+AFNetworking.m */; };
		EB52E8E41C3BB5CA00329186 /* JCNetwork.h in Headers */ = {isa = PBXBuildFile; fileRef = EB52E8E31C3BB5CA00329186 /* JCNetwork.h */; settings = {ATTRIBUTES = (Public, ); }; };
		EB52E8EB1C3BB5CA00329186 /* JCNetwork.framework in Frameworks */ = {isa = PBXBuildFile; fileRef = EB52E8E01C3BB5CA00329186 /* JCNetwork.framework */; };
		EB52E8F01C3BB5CA00329186 /* JCNetworkTests.m in Sources */ = {isa = PBXBuildFile; fileRef = EB52E8EF1C3BB5CA00329186 /* JCNetworkTests.m */; };
		EB52E9241C3BB62700329186 /* DispatchElement.h in Headers */ = {isa = PBXBuildFile; fileRef = EB52E8FC1C3BB62700329186 /* DispatchElement.h */; };
		EB52E9251C3BB62700329186 /* DispatchElement.m in Sources */ = {isa = PBXBuildFile; fileRef = EB52E8FD1C3BB62700329186 /* DispatchElement.m */; };
		EB52E9261C3BB62700329186 /* JCDispatcher.h in Headers */ = {isa = PBXBuildFile; fileRef = EB52E8FE1C3BB62700329186 /* JCDispatcher.h */; };
		EB52E9271C3BB62700329186 /* JCDispatcher.m in Sources */ = {isa = PBXBuildFile; fileRef = EB52E8FF1C3BB62700329186 /* JCDispatcher.m */; };
		EB52E9281C3BB62700329186 /* JCRequester.h in Headers */ = {isa = PBXBuildFile; fileRef = EB52E9001C3BB62700329186 /* JCRequester.h */; };
		EB52E9291C3BB62700329186 /* JCRequester.m in Sources */ = {isa = PBXBuildFile; fileRef = EB52E9011C3BB62700329186 /* JCRequester.m */; };
		EB52E9431C3BB62700329186 /* NSObject+YYModel.h in Headers */ = {isa = PBXBuildFile; fileRef = EB52E9201C3BB62700329186 /* NSObject+YYModel.h */; };
		EB52E9441C3BB62700329186 /* NSObject+YYModel.m in Sources */ = {isa = PBXBuildFile; fileRef = EB52E9211C3BB62700329186 /* NSObject+YYModel.m */; };
		EB52E9451C3BB62700329186 /* YYClassInfo.h in Headers */ = {isa = PBXBuildFile; fileRef = EB52E9221C3BB62700329186 /* YYClassInfo.h */; };
		EB52E9461C3BB62700329186 /* YYClassInfo.m in Sources */ = {isa = PBXBuildFile; fileRef = EB52E9231C3BB62700329186 /* YYClassInfo.m */; };
		EB52E94D1C3BB65F00329186 /* JCNetwork-Prefix.pch in Headers */ = {isa = PBXBuildFile; fileRef = EB52E9471C3BB65F00329186 /* JCNetwork-Prefix.pch */; };
		EB52E94E1C3BB65F00329186 /* JCNetworkDefine.h in Headers */ = {isa = PBXBuildFile; fileRef = EB52E9481C3BB65F00329186 /* JCNetworkDefine.h */; settings = {ATTRIBUTES = (Public, ); }; };
		EB52E94F1C3BB65F00329186 /* JCNetworkResponse.h in Headers */ = {isa = PBXBuildFile; fileRef = EB52E9491C3BB65F00329186 /* JCNetworkResponse.h */; settings = {ATTRIBUTES = (Public, ); }; };
		EB52E9501C3BB65F00329186 /* JCNetworkResponse.m in Sources */ = {isa = PBXBuildFile; fileRef = EB52E94A1C3BB65F00329186 /* JCNetworkResponse.m */; };
		EB52E9511C3BB65F00329186 /* JCRequestProxy.h in Headers */ = {isa = PBXBuildFile; fileRef = EB52E94B1C3BB65F00329186 /* JCRequestProxy.h */; settings = {ATTRIBUTES = (Public, ); }; };
		EB52E9521C3BB65F00329186 /* JCRequestProxy.m in Sources */ = {isa = PBXBuildFile; fileRef = EB52E94C1C3BB65F00329186 /* JCRequestProxy.m */; };
		EB52E9541C3BB6E400329186 /* SystemConfiguration.framework in Frameworks */ = {isa = PBXBuildFile; fileRef = EB52E9531C3BB6E400329186 /* SystemConfiguration.framework */; };
		EB52E9561C3BB6EC00329186 /* CFNetwork.framework in Frameworks */ = {isa = PBXBuildFile; fileRef = EB52E9551C3BB6EC00329186 /* CFNetwork.framework */; };
		EB52E9581C3BB6F200329186 /* Security.framework in Frameworks */ = {isa = PBXBuildFile; fileRef = EB52E9571C3BB6F200329186 /* Security.framework */; };
		EB52E95A1C3BB6F800329186 /* ImageIO.framework in Frameworks */ = {isa = PBXBuildFile; fileRef = EB52E9591C3BB6F800329186 /* ImageIO.framework */; };
		EB52E9651C3BCE5900329186 /* JCRequestObj.h in Headers */ = {isa = PBXBuildFile; fileRef = EB52E9631C3BCE5900329186 /* JCRequestObj.h */; settings = {ATTRIBUTES = (Public, ); }; };
		EB52E9661C3BCE5900329186 /* JCRequestObj.m in Sources */ = {isa = PBXBuildFile; fileRef = EB52E9641C3BCE5900329186 /* JCRequestObj.m */; };
		EB52E9691C3BCE8A00329186 /* JCResponedObj.h in Headers */ = {isa = PBXBuildFile; fileRef = EB52E9671C3BCE8A00329186 /* JCResponedObj.h */; settings = {ATTRIBUTES = (Public, ); }; };
		EB52E96A1C3BCE8A00329186 /* JCResponedObj.m in Sources */ = {isa = PBXBuildFile; fileRef = EB52E9681C3BCE8A00329186 /* JCResponedObj.m */; };
/* End PBXBuildFile section */

/* Begin PBXContainerItemProxy section */
		EB52E8EC1C3BB5CA00329186 /* PBXContainerItemProxy */ = {
			isa = PBXContainerItemProxy;
			containerPortal = EB52E8D71C3BB5CA00329186 /* Project object */;
			proxyType = 1;
			remoteGlobalIDString = EB52E8DF1C3BB5CA00329186;
			remoteInfo = JCNetwork;
		};
/* End PBXContainerItemProxy section */

/* Begin PBXFileReference section */
		0DC696581D3FCFD200B8D065 /* JCRequest.h */ = {isa = PBXFileReference; fileEncoding = 4; lastKnownFileType = sourcecode.c.h; path = JCRequest.h; sourceTree = "<group>"; };
		0DC696591D3FCFD200B8D065 /* JCRequest.m */ = {isa = PBXFileReference; fileEncoding = 4; lastKnownFileType = sourcecode.c.objc; path = JCRequest.m; sourceTree = "<group>"; };
		0DEBA44F1D47CCD100F48834 /* AFNetworking.h */ = {isa = PBXFileReference; fileEncoding = 4; lastKnownFileType = sourcecode.c.h; path = AFNetworking.h; sourceTree = "<group>"; };
		0DEBA4511D47CCD100F48834 /* AFHTTPSessionManager.h */ = {isa = PBXFileReference; fileEncoding = 4; lastKnownFileType = sourcecode.c.h; path = AFHTTPSessionManager.h; sourceTree = "<group>"; };
		0DEBA4521D47CCD100F48834 /* AFHTTPSessionManager.m */ = {isa = PBXFileReference; fileEncoding = 4; lastKnownFileType = sourcecode.c.objc; path = AFHTTPSessionManager.m; sourceTree = "<group>"; };
		0DEBA4531D47CCD100F48834 /* AFURLSessionManager.h */ = {isa = PBXFileReference; fileEncoding = 4; lastKnownFileType = sourcecode.c.h; path = AFURLSessionManager.h; sourceTree = "<group>"; };
		0DEBA4541D47CCD100F48834 /* AFURLSessionManager.m */ = {isa = PBXFileReference; fileEncoding = 4; lastKnownFileType = sourcecode.c.objc; path = AFURLSessionManager.m; sourceTree = "<group>"; };
		0DEBA4561D47CCD100F48834 /* AFNetworkReachabilityManager.h */ = {isa = PBXFileReference; fileEncoding = 4; lastKnownFileType = sourcecode.c.h; path = AFNetworkReachabilityManager.h; sourceTree = "<group>"; };
		0DEBA4571D47CCD100F48834 /* AFNetworkReachabilityManager.m */ = {isa = PBXFileReference; fileEncoding = 4; lastKnownFileType = sourcecode.c.objc; path = AFNetworkReachabilityManager.m; sourceTree = "<group>"; };
		0DEBA4591D47CCD100F48834 /* AFSecurityPolicy.h */ = {isa = PBXFileReference; fileEncoding = 4; lastKnownFileType = sourcecode.c.h; path = AFSecurityPolicy.h; sourceTree = "<group>"; };
		0DEBA45A1D47CCD100F48834 /* AFSecurityPolicy.m */ = {isa = PBXFileReference; fileEncoding = 4; lastKnownFileType = sourcecode.c.objc; path = AFSecurityPolicy.m; sourceTree = "<group>"; };
		0DEBA45C1D47CCD100F48834 /* AFURLRequestSerialization.h */ = {isa = PBXFileReference; fileEncoding = 4; lastKnownFileType = sourcecode.c.h; path = AFURLRequestSerialization.h; sourceTree = "<group>"; };
		0DEBA45D1D47CCD100F48834 /* AFURLRequestSerialization.m */ = {isa = PBXFileReference; fileEncoding = 4; lastKnownFileType = sourcecode.c.objc; path = AFURLRequestSerialization.m; sourceTree = "<group>"; };
		0DEBA45E1D47CCD100F48834 /* AFURLResponseSerialization.h */ = {isa = PBXFileReference; fileEncoding = 4; lastKnownFileType = sourcecode.c.h; path = AFURLResponseSerialization.h; sourceTree = "<group>"; };
		0DEBA45F1D47CCD100F48834 /* AFURLResponseSerialization.m */ = {isa = PBXFileReference; fileEncoding = 4; lastKnownFileType = sourcecode.c.objc; path = AFURLResponseSerialization.m; sourceTree = "<group>"; };
		0DEBA4611D47CCD100F48834 /* AFAutoPurgingImageCache.h */ = {isa = PBXFileReference; fileEncoding = 4; lastKnownFileType = sourcecode.c.h; path = AFAutoPurgingImageCache.h; sourceTree = "<group>"; };
		0DEBA4621D47CCD100F48834 /* AFAutoPurgingImageCache.m */ = {isa = PBXFileReference; fileEncoding = 4; lastKnownFileType = sourcecode.c.objc; path = AFAutoPurgingImageCache.m; sourceTree = "<group>"; };
		0DEBA4631D47CCD100F48834 /* AFImageDownloader.h */ = {isa = PBXFileReference; fileEncoding = 4; lastKnownFileType = sourcecode.c.h; path = AFImageDownloader.h; sourceTree = "<group>"; };
		0DEBA4641D47CCD100F48834 /* AFImageDownloader.m */ = {isa = PBXFileReference; fileEncoding = 4; lastKnownFileType = sourcecode.c.objc; path = AFImageDownloader.m; sourceTree = "<group>"; };
		0DEBA4651D47CCD100F48834 /* AFNetworkActivityIndicatorManager.h */ = {isa = PBXFileReference; fileEncoding = 4; lastKnownFileType = sourcecode.c.h; path = AFNetworkActivityIndicatorManager.h; sourceTree = "<group>"; };
		0DEBA4661D47CCD100F48834 /* AFNetworkActivityIndicatorManager.m */ = {isa = PBXFileReference; fileEncoding = 4; lastKnownFileType = sourcecode.c.objc; path = AFNetworkActivityIndicatorManager.m; sourceTree = "<group>"; };
		0DEBA4671D47CCD100F48834 /* UIActivityIndicatorView+AFNetworking.h */ = {isa = PBXFileReference; fileEncoding = 4; lastKnownFileType = sourcecode.c.h; path = "UIActivityIndicatorView+AFNetworking.h"; sourceTree = "<group>"; };
		0DEBA4681D47CCD100F48834 /* UIActivityIndicatorView+AFNetworking.m */ = {isa = PBXFileReference; fileEncoding = 4; lastKnownFileType = sourcecode.c.objc; path = "UIActivityIndicatorView+AFNetworking.m"; sourceTree = "<group>"; };
		0DEBA4691D47CCD100F48834 /* UIButton+AFNetworking.h */ = {isa = PBXFileReference; fileEncoding = 4; lastKnownFileType = sourcecode.c.h; path = "UIButton+AFNetworking.h"; sourceTree = "<group>"; };
		0DEBA46A1D47CCD100F48834 /* UIButton+AFNetworking.m */ = {isa = PBXFileReference; fileEncoding = 4; lastKnownFileType = sourcecode.c.objc; path = "UIButton+AFNetworking.m"; sourceTree = "<group>"; };
		0DEBA46B1D47CCD100F48834 /* UIImage+AFNetworking.h */ = {isa = PBXFileReference; fileEncoding = 4; lastKnownFileType = sourcecode.c.h; path = "UIImage+AFNetworking.h"; sourceTree = "<group>"; };
		0DEBA46C1D47CCD100F48834 /* UIImageView+AFNetworking.h */ = {isa = PBXFileReference; fileEncoding = 4; lastKnownFileType = sourcecode.c.h; path = "UIImageView+AFNetworking.h"; sourceTree = "<group>"; };
		0DEBA46D1D47CCD100F48834 /* UIImageView+AFNetworking.m */ = {isa = PBXFileReference; fileEncoding = 4; lastKnownFileType = sourcecode.c.objc; path = "UIImageView+AFNetworking.m"; sourceTree = "<group>"; };
		0DEBA46E1D47CCD100F48834 /* UIKit+AFNetworking.h */ = {isa = PBXFileReference; fileEncoding = 4; lastKnownFileType = sourcecode.c.h; path = "UIKit+AFNetworking.h"; sourceTree = "<group>"; };
		0DEBA46F1D47CCD100F48834 /* UIProgressView+AFNetworking.h */ = {isa = PBXFileReference; fileEncoding = 4; lastKnownFileType = sourcecode.c.h; path = "UIProgressView+AFNetworking.h"; sourceTree = "<group>"; };
		0DEBA4701D47CCD100F48834 /* UIProgressView+AFNetworking.m */ = {isa = PBXFileReference; fileEncoding = 4; lastKnownFileType = sourcecode.c.objc; path = "UIProgressView+AFNetworking.m"; sourceTree = "<group>"; };
		0DEBA4711D47CCD100F48834 /* UIRefreshControl+AFNetworking.h */ = {isa = PBXFileReference; fileEncoding = 4; lastKnownFileType = sourcecode.c.h; path = "UIRefreshControl+AFNetworking.h"; sourceTree = "<group>"; };
		0DEBA4721D47CCD100F48834 /* UIRefreshControl+AFNetworking.m */ = {isa = PBXFileReference; fileEncoding = 4; lastKnownFileType = sourcecode.c.objc; path = "UIRefreshControl+AFNetworking.m"; sourceTree = "<group>"; };
		0DEBA4731D47CCD100F48834 /* UIWebView+AFNetworking.h */ = {isa = PBXFileReference; fileEncoding = 4; lastKnownFileType = sourcecode.c.h; path = "UIWebView+AFNetworking.h"; sourceTree = "<group>"; };
		0DEBA4741D47CCD100F48834 /* UIWebView+AFNetworking.m */ = {isa = PBXFileReference; fileEncoding = 4; lastKnownFileType = sourcecode.c.objc; path = "UIWebView+AFNetworking.m"; sourceTree = "<group>"; };
		EB52E8E01C3BB5CA00329186 /* JCNetwork.framework */ = {isa = PBXFileReference; explicitFileType = wrapper.framework; includeInIndex = 0; path = JCNetwork.framework; sourceTree = BUILT_PRODUCTS_DIR; };
		EB52E8E31C3BB5CA00329186 /* JCNetwork.h */ = {isa = PBXFileReference; lastKnownFileType = sourcecode.c.h; path = JCNetwork.h; sourceTree = "<group>"; };
		EB52E8E51C3BB5CA00329186 /* Info.plist */ = {isa = PBXFileReference; lastKnownFileType = text.plist.xml; path = Info.plist; sourceTree = "<group>"; };
		EB52E8EA1C3BB5CA00329186 /* JCNetworkTests.xctest */ = {isa = PBXFileReference; explicitFileType = wrapper.cfbundle; includeInIndex = 0; path = JCNetworkTests.xctest; sourceTree = BUILT_PRODUCTS_DIR; };
		EB52E8EF1C3BB5CA00329186 /* JCNetworkTests.m */ = {isa = PBXFileReference; lastKnownFileType = sourcecode.c.objc; path = JCNetworkTests.m; sourceTree = "<group>"; };
		EB52E8F11C3BB5CA00329186 /* Info.plist */ = {isa = PBXFileReference; lastKnownFileType = text.plist.xml; path = Info.plist; sourceTree = "<group>"; };
		EB52E8FC1C3BB62700329186 /* DispatchElement.h */ = {isa = PBXFileReference; fileEncoding = 4; lastKnownFileType = sourcecode.c.h; path = DispatchElement.h; sourceTree = "<group>"; };
		EB52E8FD1C3BB62700329186 /* DispatchElement.m */ = {isa = PBXFileReference; fileEncoding = 4; lastKnownFileType = sourcecode.c.objc; path = DispatchElement.m; sourceTree = "<group>"; };
		EB52E8FE1C3BB62700329186 /* JCDispatcher.h */ = {isa = PBXFileReference; fileEncoding = 4; lastKnownFileType = sourcecode.c.h; path = JCDispatcher.h; sourceTree = "<group>"; };
		EB52E8FF1C3BB62700329186 /* JCDispatcher.m */ = {isa = PBXFileReference; fileEncoding = 4; lastKnownFileType = sourcecode.c.objc; path = JCDispatcher.m; sourceTree = "<group>"; };
		EB52E9001C3BB62700329186 /* JCRequester.h */ = {isa = PBXFileReference; fileEncoding = 4; lastKnownFileType = sourcecode.c.h; path = JCRequester.h; sourceTree = "<group>"; };
		EB52E9011C3BB62700329186 /* JCRequester.m */ = {isa = PBXFileReference; fileEncoding = 4; lastKnownFileType = sourcecode.c.objc; path = JCRequester.m; sourceTree = "<group>"; };
		EB52E9201C3BB62700329186 /* NSObject+YYModel.h */ = {isa = PBXFileReference; fileEncoding = 4; lastKnownFileType = sourcecode.c.h; path = "NSObject+YYModel.h"; sourceTree = "<group>"; };
		EB52E9211C3BB62700329186 /* NSObject+YYModel.m */ = {isa = PBXFileReference; fileEncoding = 4; lastKnownFileType = sourcecode.c.objc; path = "NSObject+YYModel.m"; sourceTree = "<group>"; };
		EB52E9221C3BB62700329186 /* YYClassInfo.h */ = {isa = PBXFileReference; fileEncoding = 4; lastKnownFileType = sourcecode.c.h; path = YYClassInfo.h; sourceTree = "<group>"; };
		EB52E9231C3BB62700329186 /* YYClassInfo.m */ = {isa = PBXFileReference; fileEncoding = 4; lastKnownFileType = sourcecode.c.objc; path = YYClassInfo.m; sourceTree = "<group>"; };
		EB52E9471C3BB65F00329186 /* JCNetwork-Prefix.pch */ = {isa = PBXFileReference; fileEncoding = 4; lastKnownFileType = sourcecode.c.h; path = "JCNetwork-Prefix.pch"; sourceTree = "<group>"; };
		EB52E9481C3BB65F00329186 /* JCNetworkDefine.h */ = {isa = PBXFileReference; fileEncoding = 4; lastKnownFileType = sourcecode.c.h; path = JCNetworkDefine.h; sourceTree = "<group>"; };
		EB52E9491C3BB65F00329186 /* JCNetworkResponse.h */ = {isa = PBXFileReference; fileEncoding = 4; lastKnownFileType = sourcecode.c.h; path = JCNetworkResponse.h; sourceTree = "<group>"; };
		EB52E94A1C3BB65F00329186 /* JCNetworkResponse.m */ = {isa = PBXFileReference; fileEncoding = 4; lastKnownFileType = sourcecode.c.objc; path = JCNetworkResponse.m; sourceTree = "<group>"; };
		EB52E94B1C3BB65F00329186 /* JCRequestProxy.h */ = {isa = PBXFileReference; fileEncoding = 4; lastKnownFileType = sourcecode.c.h; path = JCRequestProxy.h; sourceTree = "<group>"; };
		EB52E94C1C3BB65F00329186 /* JCRequestProxy.m */ = {isa = PBXFileReference; fileEncoding = 4; lastKnownFileType = sourcecode.c.objc; path = JCRequestProxy.m; sourceTree = "<group>"; };
		EB52E9531C3BB6E400329186 /* SystemConfiguration.framework */ = {isa = PBXFileReference; lastKnownFileType = wrapper.framework; name = SystemConfiguration.framework; path = System/Library/Frameworks/SystemConfiguration.framework; sourceTree = SDKROOT; };
		EB52E9551C3BB6EC00329186 /* CFNetwork.framework */ = {isa = PBXFileReference; lastKnownFileType = wrapper.framework; name = CFNetwork.framework; path = System/Library/Frameworks/CFNetwork.framework; sourceTree = SDKROOT; };
		EB52E9571C3BB6F200329186 /* Security.framework */ = {isa = PBXFileReference; lastKnownFileType = wrapper.framework; name = Security.framework; path = System/Library/Frameworks/Security.framework; sourceTree = SDKROOT; };
		EB52E9591C3BB6F800329186 /* ImageIO.framework */ = {isa = PBXFileReference; lastKnownFileType = wrapper.framework; name = ImageIO.framework; path = System/Library/Frameworks/ImageIO.framework; sourceTree = SDKROOT; };
		EB52E9631C3BCE5900329186 /* JCRequestObj.h */ = {isa = PBXFileReference; fileEncoding = 4; lastKnownFileType = sourcecode.c.h; path = JCRequestObj.h; sourceTree = "<group>"; };
		EB52E9641C3BCE5900329186 /* JCRequestObj.m */ = {isa = PBXFileReference; fileEncoding = 4; lastKnownFileType = sourcecode.c.objc; path = JCRequestObj.m; sourceTree = "<group>"; };
		EB52E9671C3BCE8A00329186 /* JCResponedObj.h */ = {isa = PBXFileReference; fileEncoding = 4; lastKnownFileType = sourcecode.c.h; path = JCResponedObj.h; sourceTree = "<group>"; };
		EB52E9681C3BCE8A00329186 /* JCResponedObj.m */ = {isa = PBXFileReference; fileEncoding = 4; lastKnownFileType = sourcecode.c.objc; path = JCResponedObj.m; sourceTree = "<group>"; };
/* End PBXFileReference section */

/* Begin PBXFrameworksBuildPhase section */
		EB52E8DC1C3BB5CA00329186 /* Frameworks */ = {
			isa = PBXFrameworksBuildPhase;
			buildActionMask = 2147483647;
			files = (
				EB52E95A1C3BB6F800329186 /* ImageIO.framework in Frameworks */,
				EB52E9581C3BB6F200329186 /* Security.framework in Frameworks */,
				EB52E9561C3BB6EC00329186 /* CFNetwork.framework in Frameworks */,
				EB52E9541C3BB6E400329186 /* SystemConfiguration.framework in Frameworks */,
			);
			runOnlyForDeploymentPostprocessing = 0;
		};
		EB52E8E71C3BB5CA00329186 /* Frameworks */ = {
			isa = PBXFrameworksBuildPhase;
			buildActionMask = 2147483647;
			files = (
				EB52E8EB1C3BB5CA00329186 /* JCNetwork.framework in Frameworks */,
			);
			runOnlyForDeploymentPostprocessing = 0;
		};
/* End PBXFrameworksBuildPhase section */

/* Begin PBXGroup section */
		0DEBA44E1D47CCD100F48834 /* AFNetworking */ = {
			isa = PBXGroup;
			children = (
				0DEBA44F1D47CCD100F48834 /* AFNetworking.h */,
				0DEBA4501D47CCD100F48834 /* NSURLSession */,
				0DEBA4551D47CCD100F48834 /* Reachability */,
				0DEBA4581D47CCD100F48834 /* Security */,
				0DEBA45B1D47CCD100F48834 /* Serialization */,
				0DEBA4601D47CCD100F48834 /* UIKit */,
			);
			path = AFNetworking;
			sourceTree = "<group>";
		};
		0DEBA4501D47CCD100F48834 /* NSURLSession */ = {
			isa = PBXGroup;
			children = (
				0DEBA4511D47CCD100F48834 /* AFHTTPSessionManager.h */,
				0DEBA4521D47CCD100F48834 /* AFHTTPSessionManager.m */,
				0DEBA4531D47CCD100F48834 /* AFURLSessionManager.h */,
				0DEBA4541D47CCD100F48834 /* AFURLSessionManager.m */,
			);
			path = NSURLSession;
			sourceTree = "<group>";
		};
		0DEBA4551D47CCD100F48834 /* Reachability */ = {
			isa = PBXGroup;
			children = (
				0DEBA4561D47CCD100F48834 /* AFNetworkReachabilityManager.h */,
				0DEBA4571D47CCD100F48834 /* AFNetworkReachabilityManager.m */,
			);
			path = Reachability;
			sourceTree = "<group>";
		};
		0DEBA4581D47CCD100F48834 /* Security */ = {
			isa = PBXGroup;
			children = (
				0DEBA4591D47CCD100F48834 /* AFSecurityPolicy.h */,
				0DEBA45A1D47CCD100F48834 /* AFSecurityPolicy.m */,
			);
			path = Security;
			sourceTree = "<group>";
		};
		0DEBA45B1D47CCD100F48834 /* Serialization */ = {
			isa = PBXGroup;
			children = (
				0DEBA45C1D47CCD100F48834 /* AFURLRequestSerialization.h */,
				0DEBA45D1D47CCD100F48834 /* AFURLRequestSerialization.m */,
				0DEBA45E1D47CCD100F48834 /* AFURLResponseSerialization.h */,
				0DEBA45F1D47CCD100F48834 /* AFURLResponseSerialization.m */,
			);
			path = Serialization;
			sourceTree = "<group>";
		};
		0DEBA4601D47CCD100F48834 /* UIKit */ = {
			isa = PBXGroup;
			children = (
				0DEBA4611D47CCD100F48834 /* AFAutoPurgingImageCache.h */,
				0DEBA4621D47CCD100F48834 /* AFAutoPurgingImageCache.m */,
				0DEBA4631D47CCD100F48834 /* AFImageDownloader.h */,
				0DEBA4641D47CCD100F48834 /* AFImageDownloader.m */,
				0DEBA4651D47CCD100F48834 /* AFNetworkActivityIndicatorManager.h */,
				0DEBA4661D47CCD100F48834 /* AFNetworkActivityIndicatorManager.m */,
				0DEBA4671D47CCD100F48834 /* UIActivityIndicatorView+AFNetworking.h */,
				0DEBA4681D47CCD100F48834 /* UIActivityIndicatorView+AFNetworking.m */,
				0DEBA4691D47CCD100F48834 /* UIButton+AFNetworking.h */,
				0DEBA46A1D47CCD100F48834 /* UIButton+AFNetworking.m */,
				0DEBA46B1D47CCD100F48834 /* UIImage+AFNetworking.h */,
				0DEBA46C1D47CCD100F48834 /* UIImageView+AFNetworking.h */,
				0DEBA46D1D47CCD100F48834 /* UIImageView+AFNetworking.m */,
				0DEBA46E1D47CCD100F48834 /* UIKit+AFNetworking.h */,
				0DEBA46F1D47CCD100F48834 /* UIProgressView+AFNetworking.h */,
				0DEBA4701D47CCD100F48834 /* UIProgressView+AFNetworking.m */,
				0DEBA4711D47CCD100F48834 /* UIRefreshControl+AFNetworking.h */,
				0DEBA4721D47CCD100F48834 /* UIRefreshControl+AFNetworking.m */,
				0DEBA4731D47CCD100F48834 /* UIWebView+AFNetworking.h */,
				0DEBA4741D47CCD100F48834 /* UIWebView+AFNetworking.m */,
			);
			path = UIKit;
			sourceTree = "<group>";
		};
		EB52E8D61C3BB5CA00329186 = {
			isa = PBXGroup;
			children = (
				EB52E8E21C3BB5CA00329186 /* JCNetwork */,
				EB52E8EE1C3BB5CA00329186 /* JCNetworkTests */,
				EB52E8FA1C3BB5E200329186 /* Frameworks */,
				EB52E8E11C3BB5CA00329186 /* Products */,
			);
			sourceTree = "<group>";
		};
		EB52E8E11C3BB5CA00329186 /* Products */ = {
			isa = PBXGroup;
			children = (
				EB52E8E01C3BB5CA00329186 /* JCNetwork.framework */,
				EB52E8EA1C3BB5CA00329186 /* JCNetworkTests.xctest */,
			);
			name = Products;
			sourceTree = "<group>";
		};
		EB52E8E21C3BB5CA00329186 /* JCNetwork */ = {
			isa = PBXGroup;
			children = (
				EB52E8E31C3BB5CA00329186 /* JCNetwork.h */,
				EB52E9481C3BB65F00329186 /* JCNetworkDefine.h */,
				EB52E9491C3BB65F00329186 /* JCNetworkResponse.h */,
				EB52E94A1C3BB65F00329186 /* JCNetworkResponse.m */,
				EB52E94B1C3BB65F00329186 /* JCRequestProxy.h */,
				EB52E94C1C3BB65F00329186 /* JCRequestProxy.m */,
				EB52E8E51C3BB5CA00329186 /* Info.plist */,
				EB52E9471C3BB65F00329186 /* JCNetwork-Prefix.pch */,
				EB52E91F1C3BB62700329186 /* YYModel */,
				EB52E8FB1C3BB62700329186 /* Handle */,
				EB52E9041C3BB62700329186 /* Network */,
				EB52E91E1C3BB62700329186 /* Products */,
			);
			path = JCNetwork;
			sourceTree = "<group>";
		};
		EB52E8EE1C3BB5CA00329186 /* JCNetworkTests */ = {
			isa = PBXGroup;
			children = (
				EB52E8EF1C3BB5CA00329186 /* JCNetworkTests.m */,
				EB52E8F11C3BB5CA00329186 /* Info.plist */,
			);
			path = JCNetworkTests;
			sourceTree = "<group>";
		};
		EB52E8FA1C3BB5E200329186 /* Frameworks */ = {
			isa = PBXGroup;
			children = (
				EB52E9591C3BB6F800329186 /* ImageIO.framework */,
				EB52E9571C3BB6F200329186 /* Security.framework */,
				EB52E9551C3BB6EC00329186 /* CFNetwork.framework */,
				EB52E9531C3BB6E400329186 /* SystemConfiguration.framework */,
			);
			name = Frameworks;
			path = JCNetwork;
			sourceTree = "<group>";
		};
		EB52E8FB1C3BB62700329186 /* Handle */ = {
			isa = PBXGroup;
			children = (
				EB52E8FC1C3BB62700329186 /* DispatchElement.h */,
				EB52E8FD1C3BB62700329186 /* DispatchElement.m */,
				EB52E9001C3BB62700329186 /* JCRequester.h */,
				EB52E9011C3BB62700329186 /* JCRequester.m */,
				EB52E8FE1C3BB62700329186 /* JCDispatcher.h */,
				EB52E8FF1C3BB62700329186 /* JCDispatcher.m */,
			);
			path = Handle;
			sourceTree = "<group>";
		};
		EB52E9041C3BB62700329186 /* Network */ = {
			isa = PBXGroup;
			children = (
				0DEBA44E1D47CCD100F48834 /* AFNetworking */,
			);
			path = Network;
			sourceTree = "<group>";
		};
		EB52E91E1C3BB62700329186 /* Products */ = {
			isa = PBXGroup;
			children = (
				0DC696581D3FCFD200B8D065 /* JCRequest.h */,
				0DC696591D3FCFD200B8D065 /* JCRequest.m */,
				EB52E9631C3BCE5900329186 /* JCRequestObj.h */,
				EB52E9641C3BCE5900329186 /* JCRequestObj.m */,
				EB52E9671C3BCE8A00329186 /* JCResponedObj.h */,
				EB52E9681C3BCE8A00329186 /* JCResponedObj.m */,
			);
			path = Products;
			sourceTree = "<group>";
		};
		EB52E91F1C3BB62700329186 /* YYModel */ = {
			isa = PBXGroup;
			children = (
				EB52E9201C3BB62700329186 /* NSObject+YYModel.h */,
				EB52E9211C3BB62700329186 /* NSObject+YYModel.m */,
				EB52E9221C3BB62700329186 /* YYClassInfo.h */,
				EB52E9231C3BB62700329186 /* YYClassInfo.m */,
			);
			path = YYModel;
			sourceTree = "<group>";
		};
/* End PBXGroup section */

/* Begin PBXHeadersBuildPhase section */
		EB52E8DD1C3BB5CA00329186 /* Headers */ = {
			isa = PBXHeadersBuildPhase;
			buildActionMask = 2147483647;
			files = (
				0DEBA48D1D47CCD100F48834 /* UIImageView+AFNetworking.h in Headers */,
				EB52E9691C3BCE8A00329186 /* JCResponedObj.h in Headers */,
				EB52E9651C3BCE5900329186 /* JCRequestObj.h in Headers */,
				0DEBA4761D47CCD100F48834 /* AFHTTPSessionManager.h in Headers */,
				0DC6965A1D3FCFD200B8D065 /* JCRequest.h in Headers */,
				0DEBA4941D47CCD100F48834 /* UIWebView+AFNetworking.h in Headers */,
				0DEBA4781D47CCD100F48834 /* AFURLSessionManager.h in Headers */,
				EB52E9511C3BB65F00329186 /* JCRequestProxy.h in Headers */,
				0DEBA48A1D47CCD100F48834 /* UIButton+AFNetworking.h in Headers */,
				EB52E94E1C3BB65F00329186 /* JCNetworkDefine.h in Headers */,
				EB52E94F1C3BB65F00329186 /* JCNetworkResponse.h in Headers */,
				0DEBA48C1D47CCD100F48834 /* UIImage+AFNetworking.h in Headers */,
				0DEBA4841D47CCD100F48834 /* AFImageDownloader.h in Headers */,
				EB52E9281C3BB62700329186 /* JCRequester.h in Headers */,
				0DEBA4801D47CCD100F48834 /* AFURLResponseSerialization.h in Headers */,
				0DEBA47C1D47CCD100F48834 /* AFSecurityPolicy.h in Headers */,
				0DEBA47A1D47CCD100F48834 /* AFNetworkReachabilityManager.h in Headers */,
				0DEBA4861D47CCD100F48834 /* AFNetworkActivityIndicatorManager.h in Headers */,
				0DEBA4921D47CCD100F48834 /* UIRefreshControl+AFNetworking.h in Headers */,
				0DEBA4751D47CCD100F48834 /* AFNetworking.h in Headers */,
				0DEBA47E1D47CCD100F48834 /* AFURLRequestSerialization.h in Headers */,
				EB52E9261C3BB62700329186 /* JCDispatcher.h in Headers */,
				0DEBA4881D47CCD100F48834 /* UIActivityIndicatorView+AFNetworking.h in Headers */,
				EB52E94D1C3BB65F00329186 /* JCNetwork-Prefix.pch in Headers */,
				0DEBA48F1D47CCD100F48834 /* UIKit+AFNetworking.h in Headers */,
				EB52E8E41C3BB5CA00329186 /* JCNetwork.h in Headers */,
				EB52E9431C3BB62700329186 /* NSObject+YYModel.h in Headers */,
				0DEBA4901D47CCD100F48834 /* UIProgressView+AFNetworking.h in Headers */,
				0DEBA4821D47CCD100F48834 /* AFAutoPurgingImageCache.h in Headers */,
				EB52E9451C3BB62700329186 /* YYClassInfo.h in Headers */,
				EB52E9241C3BB62700329186 /* DispatchElement.h in Headers */,
			);
			runOnlyForDeploymentPostprocessing = 0;
		};
/* End PBXHeadersBuildPhase section */

/* Begin PBXNativeTarget section */
		EB52E8DF1C3BB5CA00329186 /* JCNetwork */ = {
			isa = PBXNativeTarget;
			buildConfigurationList = EB52E8F41C3BB5CA00329186 /* Build configuration list for PBXNativeTarget "JCNetwork" */;
			buildPhases = (
				EB52E8DB1C3BB5CA00329186 /* Sources */,
				EB52E8DC1C3BB5CA00329186 /* Frameworks */,
				EB52E8DD1C3BB5CA00329186 /* Headers */,
				EB52E8DE1C3BB5CA00329186 /* Resources */,
			);
			buildRules = (
			);
			dependencies = (
			);
			name = JCNetwork;
			productName = JCNetwork;
			productReference = EB52E8E01C3BB5CA00329186 /* JCNetwork.framework */;
			productType = "com.apple.product-type.framework";
		};
		EB52E8E91C3BB5CA00329186 /* JCNetworkTests */ = {
			isa = PBXNativeTarget;
			buildConfigurationList = EB52E8F71C3BB5CA00329186 /* Build configuration list for PBXNativeTarget "JCNetworkTests" */;
			buildPhases = (
				EB52E8E61C3BB5CA00329186 /* Sources */,
				EB52E8E71C3BB5CA00329186 /* Frameworks */,
				EB52E8E81C3BB5CA00329186 /* Resources */,
			);
			buildRules = (
			);
			dependencies = (
				EB52E8ED1C3BB5CA00329186 /* PBXTargetDependency */,
			);
			name = JCNetworkTests;
			productName = JCNetworkTests;
			productReference = EB52E8EA1C3BB5CA00329186 /* JCNetworkTests.xctest */;
			productType = "com.apple.product-type.bundle.unit-test";
		};
/* End PBXNativeTarget section */

/* Begin PBXProject section */
		EB52E8D71C3BB5CA00329186 /* Project object */ = {
			isa = PBXProject;
			attributes = {
				LastUpgradeCheck = 0730;
				ORGANIZATIONNAME = Jam;
				TargetAttributes = {
					EB45791B1C3CC04300855D9C = {
						CreatedOnToolsVersion = 7.2;
					};
					EB52E8DF1C3BB5CA00329186 = {
						CreatedOnToolsVersion = 7.2;
						DevelopmentTeam = 7TVSQH639C;
					};
					EB52E8E91C3BB5CA00329186 = {
						CreatedOnToolsVersion = 7.2;
					};
				};
			};
			buildConfigurationList = EB52E8DA1C3BB5CA00329186 /* Build configuration list for PBXProject "JCNetwork" */;
			compatibilityVersion = "Xcode 3.2";
			developmentRegion = English;
			hasScannedForEncodings = 0;
			knownRegions = (
				en,
			);
			mainGroup = EB52E8D61C3BB5CA00329186;
			productRefGroup = EB52E8E11C3BB5CA00329186 /* Products */;
			projectDirPath = "";
			projectRoot = "";
			targets = (
				EB52E8DF1C3BB5CA00329186 /* JCNetwork */,
				EB52E8E91C3BB5CA00329186 /* JCNetworkTests */,
				EB45791B1C3CC04300855D9C /* JCNetworkAggregate */,
			);
		};
/* End PBXProject section */

/* Begin PBXResourcesBuildPhase section */
		EB52E8DE1C3BB5CA00329186 /* Resources */ = {
			isa = PBXResourcesBuildPhase;
			buildActionMask = 2147483647;
			files = (
			);
			runOnlyForDeploymentPostprocessing = 0;
		};
		EB52E8E81C3BB5CA00329186 /* Resources */ = {
			isa = PBXResourcesBuildPhase;
			buildActionMask = 2147483647;
			files = (
			);
			runOnlyForDeploymentPostprocessing = 0;
		};
/* End PBXResourcesBuildPhase section */

/* Begin PBXShellScriptBuildPhase section */
		EB45791F1C3CC06000855D9C /* ShellScript */ = {
			isa = PBXShellScriptBuildPhase;
			buildActionMask = 2147483647;
			files = (
			);
			inputPaths = (
			);
			outputPaths = (
			);
			runOnlyForDeploymentPostprocessing = 0;
			shellPath = /bin/sh;
			shellScript = "# Sets the target folders and the final framework product.\nFMK_NAME=${PROJECT_NAME}\n# Install dir will be the final output to the framework.\n# The following line create it in the root folder of the current project.\nINSTALL_DIR=${SRCROOT}/Products/${FMK_NAME}.framework\n# Working dir will be deleted after the framework creation.\nWRK_DIR=build\nDEVICE_DIR=${WRK_DIR}/Release-iphoneos/${FMK_NAME}.framework\nSIMULATOR_DIR=${WRK_DIR}/Release-iphonesimulator/${FMK_NAME}.framework\n# -configuration ${CONFIGURATION}\n# Clean and Building both architectures.\nxcodebuild -configuration \"Release\" -target \"${FMK_NAME}\" -sdk iphoneos clean build\nxcodebuild -configuration \"Release\" -target \"${FMK_NAME}\" -sdk iphonesimulator clean build\n# Cleaning the oldest.\nif [ -d \"${INSTALL_DIR}\" ]\nthen\nrm -rf \"${INSTALL_DIR}\"\nfi\nmkdir -p \"${INSTALL_DIR}\"\ncp -R \"${DEVICE_DIR}/\" \"${INSTALL_DIR}/\"\n# Uses the Lipo Tool to merge both binary files (i386 + armv6/armv7) into one Universal final product.\nlipo -create \"${DEVICE_DIR}/${FMK_NAME}\" \"${SIMULATOR_DIR}/${FMK_NAME}\" -output \"${INSTALL_DIR}/${FMK_NAME}\"\nrm -r \"${WRK_DIR}\"\nopen \"${INSTALL_DIR}\"";
		};
/* End PBXShellScriptBuildPhase section */

/* Begin PBXSourcesBuildPhase section */
		EB52E8DB1C3BB5CA00329186 /* Sources */ = {
			isa = PBXSourcesBuildPhase;
			buildActionMask = 2147483647;
			files = (
				0DEBA47D1D47CCD100F48834 /* AFSecurityPolicy.m in Sources */,
				EB52E9251C3BB62700329186 /* DispatchElement.m in Sources */,
				0DEBA4931D47CCD100F48834 /* UIRefreshControl+AFNetworking.m in Sources */,
				0DEBA48B1D47CCD100F48834 /* UIButton+AFNetworking.m in Sources */,
				0DEBA4911D47CCD100F48834 /* UIProgressView+AFNetworking.m in Sources */,
				0DEBA4831D47CCD100F48834 /* AFAutoPurgingImageCache.m in Sources */,
				0DEBA47B1D47CCD100F48834 /* AFNetworkReachabilityManager.m in Sources */,
				0DEBA4871D47CCD100F48834 /* AFNetworkActivityIndicatorManager.m in Sources */,
				EB52E9441C3BB62700329186 /* NSObject+YYModel.m in Sources */,
				0DEBA4891D47CCD100F48834 /* UIActivityIndicatorView+AFNetworking.m in Sources */,
				EB52E9661C3BCE5900329186 /* JCRequestObj.m in Sources */,
				0DEBA48E1D47CCD100F48834 /* UIImageView+AFNetworking.m in Sources */,
				EB52E96A1C3BCE8A00329186 /* JCResponedObj.m in Sources */,
				EB52E9521C3BB65F00329186 /* JCRequestProxy.m in Sources */,
				0DEBA4771D47CCD100F48834 /* AFHTTPSessionManager.m in Sources */,
				0DC6965B1D3FCFD200B8D065 /* JCRequest.m in Sources */,
				EB52E9271C3BB62700329186 /* JCDispatcher.m in Sources */,
				0DEBA4851D47CCD100F48834 /* AFImageDownloader.m in Sources */,
				EB52E9501C3BB65F00329186 /* JCNetworkResponse.m in Sources */,
				0DEBA4791D47CCD100F48834 /* AFURLSessionManager.m in Sources */,
				0DEBA47F1D47CCD100F48834 /* AFURLRequestSerialization.m in Sources */,
				EB52E9291C3BB62700329186 /* JCRequester.m in Sources */,
				0DEBA4951D47CCD100F48834 /* UIWebView+AFNetworking.m in Sources */,
				0DEBA4811D47CCD100F48834 /* AFURLResponseSerialization.m in Sources */,
				EB52E9461C3BB62700329186 /* YYClassInfo.m in Sources */,
			);
			runOnlyForDeploymentPostprocessing = 0;
		};
		EB52E8E61C3BB5CA00329186 /* Sources */ = {
			isa = PBXSourcesBuildPhase;
			buildActionMask = 2147483647;
			files = (
				EB52E8F01C3BB5CA00329186 /* JCNetworkTests.m in Sources */,
			);
			runOnlyForDeploymentPostprocessing = 0;
		};
/* End PBXSourcesBuildPhase section */

/* Begin PBXTargetDependency section */
		EB52E8ED1C3BB5CA00329186 /* PBXTargetDependency */ = {
			isa = PBXTargetDependency;
			target = EB52E8DF1C3BB5CA00329186 /* JCNetwork */;
			targetProxy = EB52E8EC1C3BB5CA00329186 /* PBXContainerItemProxy */;
		};
/* End PBXTargetDependency section */

/* Begin XCBuildConfiguration section */
		EB45791C1C3CC04300855D9C /* Debug */ = {
			isa = XCBuildConfiguration;
			buildSettings = {
				PRODUCT_NAME = "$(TARGET_NAME)";
			};
			name = Debug;
		};
		EB45791D1C3CC04300855D9C /* Release */ = {
			isa = XCBuildConfiguration;
			buildSettings = {
				PRODUCT_NAME = "$(TARGET_NAME)";
			};
			name = Release;
		};
		EB52E8F21C3BB5CA00329186 /* Debug */ = {
			isa = XCBuildConfiguration;
			buildSettings = {
				ALWAYS_SEARCH_USER_PATHS = NO;
				CLANG_CXX_LANGUAGE_STANDARD = "gnu++0x";
				CLANG_CXX_LIBRARY = "libc++";
				CLANG_ENABLE_MODULES = YES;
				CLANG_ENABLE_OBJC_ARC = YES;
				CLANG_WARN_BOOL_CONVERSION = YES;
				CLANG_WARN_CONSTANT_CONVERSION = YES;
				CLANG_WARN_DIRECT_OBJC_ISA_USAGE = YES_ERROR;
				CLANG_WARN_EMPTY_BODY = YES;
				CLANG_WARN_ENUM_CONVERSION = YES;
				CLANG_WARN_INT_CONVERSION = YES;
				CLANG_WARN_OBJC_ROOT_CLASS = YES_ERROR;
				CLANG_WARN_UNREACHABLE_CODE = YES;
				CLANG_WARN__DUPLICATE_METHOD_MATCH = YES;
				CODE_SIGN_IDENTITY = "iPhone Developer: 淼 贾 (ATB6Q7M5ZD)";
				"CODE_SIGN_IDENTITY[sdk=iphoneos*]" = "iPhone Developer: 淼 贾 (ATB6Q7M5ZD)";
				COPY_PHASE_STRIP = NO;
				CURRENT_PROJECT_VERSION = 1;
				DEBUG_INFORMATION_FORMAT = dwarf;
				ENABLE_STRICT_OBJC_MSGSEND = YES;
				ENABLE_TESTABILITY = YES;
				GCC_C_LANGUAGE_STANDARD = gnu99;
				GCC_DYNAMIC_NO_PIC = NO;
				GCC_NO_COMMON_BLOCKS = YES;
				GCC_OPTIMIZATION_LEVEL = 0;
				GCC_PREPROCESSOR_DEFINITIONS = (
					"DEBUG=1",
					"$(inherited)",
				);
				GCC_WARN_64_TO_32_BIT_CONVERSION = YES;
				GCC_WARN_ABOUT_RETURN_TYPE = YES_ERROR;
				GCC_WARN_UNDECLARED_SELECTOR = YES;
				GCC_WARN_UNINITIALIZED_AUTOS = YES_AGGRESSIVE;
				GCC_WARN_UNUSED_FUNCTION = YES;
				GCC_WARN_UNUSED_VARIABLE = YES;
				IPHONEOS_DEPLOYMENT_TARGET = 7.0;
				MTL_ENABLE_DEBUG_INFO = YES;
				ONLY_ACTIVE_ARCH = YES;
				PROVISIONING_PROFILE = "";
				SDKROOT = iphoneos;
				TARGETED_DEVICE_FAMILY = "1,2";
				VERSIONING_SYSTEM = "apple-generic";
				VERSION_INFO_PREFIX = "";
			};
			name = Debug;
		};
		EB52E8F31C3BB5CA00329186 /* Release */ = {
			isa = XCBuildConfiguration;
			buildSettings = {
				ALWAYS_SEARCH_USER_PATHS = NO;
				CLANG_CXX_LANGUAGE_STANDARD = "gnu++0x";
				CLANG_CXX_LIBRARY = "libc++";
				CLANG_ENABLE_MODULES = YES;
				CLANG_ENABLE_OBJC_ARC = YES;
				CLANG_WARN_BOOL_CONVERSION = YES;
				CLANG_WARN_CONSTANT_CONVERSION = YES;
				CLANG_WARN_DIRECT_OBJC_ISA_USAGE = YES_ERROR;
				CLANG_WARN_EMPTY_BODY = YES;
				CLANG_WARN_ENUM_CONVERSION = YES;
				CLANG_WARN_INT_CONVERSION = YES;
				CLANG_WARN_OBJC_ROOT_CLASS = YES_ERROR;
				CLANG_WARN_UNREACHABLE_CODE = YES;
				CLANG_WARN__DUPLICATE_METHOD_MATCH = YES;
				CODE_SIGN_IDENTITY = "iPhone Developer: 淼 贾 (ATB6Q7M5ZD)";
				"CODE_SIGN_IDENTITY[sdk=iphoneos*]" = "iPhone Developer: 淼 贾 (ATB6Q7M5ZD)";
				COPY_PHASE_STRIP = NO;
				CURRENT_PROJECT_VERSION = 1;
				DEBUG_INFORMATION_FORMAT = "dwarf-with-dsym";
				ENABLE_NS_ASSERTIONS = NO;
				ENABLE_STRICT_OBJC_MSGSEND = YES;
				GCC_C_LANGUAGE_STANDARD = gnu99;
				GCC_NO_COMMON_BLOCKS = YES;
				GCC_WARN_64_TO_32_BIT_CONVERSION = YES;
				GCC_WARN_ABOUT_RETURN_TYPE = YES_ERROR;
				GCC_WARN_UNDECLARED_SELECTOR = YES;
				GCC_WARN_UNINITIALIZED_AUTOS = YES_AGGRESSIVE;
				GCC_WARN_UNUSED_FUNCTION = YES;
				GCC_WARN_UNUSED_VARIABLE = YES;
				IPHONEOS_DEPLOYMENT_TARGET = 7.0;
				MTL_ENABLE_DEBUG_INFO = NO;
				PROVISIONING_PROFILE = "";
				SDKROOT = iphoneos;
				TARGETED_DEVICE_FAMILY = "1,2";
				VALIDATE_PRODUCT = YES;
				VERSIONING_SYSTEM = "apple-generic";
				VERSION_INFO_PREFIX = "";
			};
			name = Release;
		};
		EB52E8F51C3BB5CA00329186 /* Debug */ = {
			isa = XCBuildConfiguration;
			buildSettings = {
				CODE_SIGN_IDENTITY = "iPhone Developer";
				"CODE_SIGN_IDENTITY[sdk=iphoneos*]" = "iPhone Developer";
				DEFINES_MODULE = YES;
				DYLIB_COMPATIBILITY_VERSION = 1;
				DYLIB_CURRENT_VERSION = 1;
				DYLIB_INSTALL_NAME_BASE = "@rpath";
				GCC_PRECOMPILE_PREFIX_HEADER = YES;
				GCC_PREFIX_HEADER = "JCNetwork/JCNetwork-Prefix.pch";
				GCC_THUMB_SUPPORT = NO;
				INFOPLIST_FILE = JCNetwork/Info.plist;
				INSTALL_PATH = "$(LOCAL_LIBRARY_DIR)/Frameworks";
				LD_RUNPATH_SEARCH_PATHS = "$(inherited) @executable_path/Frameworks @loader_path/Frameworks";
				MACH_O_TYPE = staticlib;
				OTHER_LDFLAGS = (
					"-ObjC",
					"-all_load",
				);
				PRODUCT_BUNDLE_IDENTIFIER = com.xlingmao.JCNetwork;
				PRODUCT_NAME = "$(TARGET_NAME)";
				PROVISIONING_PROFILE = "";
				SKIP_INSTALL = YES;
				TARGETED_DEVICE_FAMILY = 1;
			};
			name = Debug;
		};
		EB52E8F61C3BB5CA00329186 /* Release */ = {
			isa = XCBuildConfiguration;
			buildSettings = {
				CODE_SIGN_IDENTITY = "iPhone Developer";
				"CODE_SIGN_IDENTITY[sdk=iphoneos*]" = "iPhone Developer";
				DEFINES_MODULE = YES;
				DYLIB_COMPATIBILITY_VERSION = 1;
				DYLIB_CURRENT_VERSION = 1;
				DYLIB_INSTALL_NAME_BASE = "@rpath";
				GCC_PRECOMPILE_PREFIX_HEADER = YES;
				GCC_PREFIX_HEADER = "JCNetwork/JCNetwork-Prefix.pch";
				GCC_THUMB_SUPPORT = NO;
				INFOPLIST_FILE = JCNetwork/Info.plist;
				INSTALL_PATH = "$(LOCAL_LIBRARY_DIR)/Frameworks";
				LD_RUNPATH_SEARCH_PATHS = "$(inherited) @executable_path/Frameworks @loader_path/Frameworks";
				MACH_O_TYPE = staticlib;
				OTHER_LDFLAGS = (
					"-ObjC",
					"-all_load",
				);
				PRODUCT_BUNDLE_IDENTIFIER = com.xlingmao.JCNetwork;
				PRODUCT_NAME = "$(TARGET_NAME)";
				PROVISIONING_PROFILE = "";
				SKIP_INSTALL = YES;
				TARGETED_DEVICE_FAMILY = 1;
			};
			name = Release;
		};
		EB52E8F81C3BB5CA00329186 /* Debug */ = {
			isa = XCBuildConfiguration;
			buildSettings = {
				INFOPLIST_FILE = JCNetworkTests/Info.plist;
				LD_RUNPATH_SEARCH_PATHS = "$(inherited) @executable_path/Frameworks @loader_path/Frameworks";
				PRODUCT_BUNDLE_IDENTIFIER = com.lapelgroup.JCNetworkTests;
				PRODUCT_NAME = "$(TARGET_NAME)";
			};
			name = Debug;
		};
		EB52E8F91C3BB5CA00329186 /* Release */ = {
			isa = XCBuildConfiguration;
			buildSettings = {
				INFOPLIST_FILE = JCNetworkTests/Info.plist;
				LD_RUNPATH_SEARCH_PATHS = "$(inherited) @executable_path/Frameworks @loader_path/Frameworks";
				PRODUCT_BUNDLE_IDENTIFIER = com.lapelgroup.JCNetworkTests;
				PRODUCT_NAME = "$(TARGET_NAME)";
			};
			name = Release;
		};
/* End XCBuildConfiguration section */

/* Begin XCConfigurationList section */
		EB45791E1C3CC04300855D9C /* Build configuration list for PBXAggregateTarget "JCNetworkAggregate" */ = {
			isa = XCConfigurationList;
			buildConfigurations = (
				EB45791C1C3CC04300855D9C /* Debug */,
				EB45791D1C3CC04300855D9C /* Release */,
			);
			defaultConfigurationIsVisible = 0;
			defaultConfigurationName = Release;
		};
		EB52E8DA1C3BB5CA00329186 /* Build configuration list for PBXProject "JCNetwork" */ = {
			isa = XCConfigurationList;
			buildConfigurations = (
				EB52E8F21C3BB5CA00329186 /* Debug */,
				EB52E8F31C3BB5CA00329186 /* Release */,
			);
			defaultConfigurationIsVisible = 0;
			defaultConfigurationName = Release;
		};
		EB52E8F41C3BB5CA00329186 /* Build configuration list for PBXNativeTarget "JCNetwork" */ = {
			isa = XCConfigurationList;
			buildConfigurations = (
				EB52E8F51C3BB5CA00329186 /* Debug */,
				EB52E8F61C3BB5CA00329186 /* Release */,
			);
			defaultConfigurationIsVisible = 0;
			defaultConfigurationName = Release;
		};
		EB52E8F71C3BB5CA00329186 /* Build configuration list for PBXNativeTarget "JCNetworkTests" */ = {
			isa = XCConfigurationList;
			buildConfigurations = (
				EB52E8F81C3BB5CA00329186 /* Debug */,
				EB52E8F91C3BB5CA00329186 /* Release */,
			);
			defaultConfigurationIsVisible = 0;
			defaultConfigurationName = Release;
		};
/* End XCConfigurationList section */
	};
	rootObject = EB52E8D71C3BB5CA00329186 /* Project object */;
}
